
Microsoft Visual Studio Solution File, Format Version 12.00
# Visual Studio Version 16
VisualStudioVersion = 16.0.30011.22
MinimumVisualStudioVersion = 10.0.40219.1
Project("{FAE04EC0-301F-11D3-BF4B-00C04F79EFBC}") = "CSaN4", "CSaN4\CSaN4.csproj", "{D5B912E2-677A-4F6C-81B7-2A4E40E31D11}"
EndProject
Global
	GlobalSection(SolutionConfigurationPlatforms) = preSolution
		Debug|Any CPU = Debug|Any CPU
		Release|Any CPU = Release|Any CPU
	EndGlobalSection
	GlobalSection(ProjectConfigurationPlatforms) = postSolution
		{D5B912E2-677A-4F6C-81B7-2A4E40E31D11}.Debug|Any CPU.ActiveCfg = Debug|Any CPU
		{D5B912E2-677A-4F6C-81B7-2A4E40E31D11}.Debug|Any CPU.Build.0 = Debug|Any CPU
		{D5B912E2-677A-4F6C-81B7-2A4E40E31D11}.Release|Any CPU.ActiveCfg = Release|Any CPU
		{D5B912E2-677A-4F6C-81B7-2A4E40E31D11}.Release|Any CPU.Build.0 = Release|Any CPU
	EndGlobalSection
	GlobalSection(SolutionProperties) = preSolution
		HideSolutionNode = FALSE
	EndGlobalSection
	GlobalSection(ExtensibilityGlobals) = postSolution
		SolutionGuid = {63A9BAF0-07E5-4A7A-BCF1-F85C74A6C908}
	EndGlobalSection
EndGlobal
